// !$*UTF8*$!
{
	archiveVersion = 1;
	classes = {
	};
	objectVersion = 45;
	objects = {

/* Begin PBXBuildFile section */
		1D3623260D0F684500981E51 /* MMShowcaseAppDelegate.m in Sources */ = {isa = PBXBuildFile; fileRef = 1D3623250D0F684500981E51 /* MMShowcaseAppDelegate.m */; };
		1D60589B0D05DD56006BFB54 /* main.m in Sources */ = {isa = PBXBuildFile; fileRef = 29B97316FDCFA39411CA2CEA /* main.m */; };
		1D60589F0D05DD5A006BFB54 /* Foundation.framework in Frameworks */ = {isa = PBXBuildFile; fileRef = 1D30AB110D05D00D00671497 /* Foundation.framework */; };
		1DF5F4E00D08C38300B7A737 /* UIKit.framework in Frameworks */ = {isa = PBXBuildFile; fileRef = 1DF5F4DF0D08C38300B7A737 /* UIKit.framework */; };
		D60E765012B4F980003B9817 /* TOCUIImage.m in Sources */ = {isa = PBXBuildFile; fileRef = D60E764F12B4F980003B9817 /* TOCUIImage.m */; };
		D60E782512B52E15003B9817 /* TwitterMessageView.m in Sources */ = {isa = PBXBuildFile; fileRef = D60E782412B52E15003B9817 /* TwitterMessageView.m */; };
		D610D47C129E7D04005D2DB4 /* CFNetwork.framework in Frameworks */ = {isa = PBXBuildFile; fileRef = D610D47B129E7D04005D2DB4 /* CFNetwork.framework */; };
		D610D4CB129E81AC005D2DB4 /* MainWindow.xib in Resources */ = {isa = PBXBuildFile; fileRef = D610D4CA129E81AC005D2DB4 /* MainWindow.xib */; };
		D610D73B129F9B7D005D2DB4 /* CXMLNode_PrivateExtensions.m in Sources */ = {isa = PBXBuildFile; fileRef = D610D728129F9B7D005D2DB4 /* CXMLNode_PrivateExtensions.m */; };
		D610D73C129F9B7D005D2DB4 /* CXMLNamespaceNode.m in Sources */ = {isa = PBXBuildFile; fileRef = D610D72A129F9B7D005D2DB4 /* CXMLNamespaceNode.m */; };
		D610D73D129F9B7D005D2DB4 /* CXMLElement.m in Sources */ = {isa = PBXBuildFile; fileRef = D610D72C129F9B7D005D2DB4 /* CXMLElement.m */; };
		D610D73E129F9B7D005D2DB4 /* CXMLElement_ElementTreeExtensions.m in Sources */ = {isa = PBXBuildFile; fileRef = D610D72E129F9B7D005D2DB4 /* CXMLElement_ElementTreeExtensions.m */; };
		D610D73F129F9B7D005D2DB4 /* CXMLElement_CreationExtensions.m in Sources */ = {isa = PBXBuildFile; fileRef = D610D730129F9B7D005D2DB4 /* CXMLElement_CreationExtensions.m */; };
		D610D740129F9B7D005D2DB4 /* CXMLDocument.m in Sources */ = {isa = PBXBuildFile; fileRef = D610D732129F9B7D005D2DB4 /* CXMLDocument.m */; };
		D610D741129F9B7D005D2DB4 /* CXMLDocument_PrivateExtensions.m in Sources */ = {isa = PBXBuildFile; fileRef = D610D734129F9B7D005D2DB4 /* CXMLDocument_PrivateExtensions.m */; };
		D610D742129F9B7D005D2DB4 /* CXMLDocument_CreationExtensions.m in Sources */ = {isa = PBXBuildFile; fileRef = D610D738129F9B7D005D2DB4 /* CXMLDocument_CreationExtensions.m */; };
		D610D743129F9B7D005D2DB4 /* CXMLNode_CreationExtensions.m in Sources */ = {isa = PBXBuildFile; fileRef = D610D73A129F9B7D005D2DB4 /* CXMLNode_CreationExtensions.m */; };
		D610D74B129F9BAF005D2DB4 /* libxml2.2.7.3.dylib in Frameworks */ = {isa = PBXBuildFile; fileRef = D610D74A129F9BAF005D2DB4 /* libxml2.2.7.3.dylib */; };
		D610D789129F9CC7005D2DB4 /* CTidy.m in Sources */ = {isa = PBXBuildFile; fileRef = D610D785129F9CC7005D2DB4 /* CTidy.m */; };
		D610D78A129F9CC7005D2DB4 /* CXMLNode.m in Sources */ = {isa = PBXBuildFile; fileRef = D610D786129F9CC7005D2DB4 /* CXMLNode.m */; };
		D610D78B129F9CC7005D2DB4 /* CXMLNode_XPathExtensions.m in Sources */ = {isa = PBXBuildFile; fileRef = D610D788129F9CC7005D2DB4 /* CXMLNode_XPathExtensions.m */; };
		D610D793129FA0E4005D2DB4 /* MagazineStructure.m in Sources */ = {isa = PBXBuildFile; fileRef = D610D792129FA0E4005D2DB4 /* MagazineStructure.m */; };
		D610D88F129FC3FB005D2DB4 /* QuartzCore.framework in Frameworks */ = {isa = PBXBuildFile; fileRef = D610D88E129FC3FB005D2DB4 /* QuartzCore.framework */; };
		D610D8C4129FC417005D2DB4 /* CoreGraphics.framework in Frameworks */ = {isa = PBXBuildFile; fileRef = D610D8C3129FC417005D2DB4 /* CoreGraphics.framework */; };
		D610E0B312A38A57005D2DB4 /* ViewUtil.m in Sources */ = {isa = PBXBuildFile; fileRef = D610E0B212A38A57005D2DB4 /* ViewUtil.m */; };
		D610E42712A3E1FF005D2DB4 /* book_shadow.png in Resources */ = {isa = PBXBuildFile; fileRef = D610E42612A3E1FF005D2DB4 /* book_shadow.png */; };
		D645000312A7938000DB6544 /* CoreLocation.framework in Frameworks */ = {isa = PBXBuildFile; fileRef = D645000212A7938000DB6544 /* CoreLocation.framework */; };
		D64500EA12A7C27B00DB6544 /* OverlayViewController.m in Sources */ = {isa = PBXBuildFile; fileRef = D64500E912A7C27B00DB6544 /* OverlayViewController.m */; };
		D64500ED12A7C3AC00DB6544 /* ContentOverlayViewController.m in Sources */ = {isa = PBXBuildFile; fileRef = D64500EC12A7C3AC00DB6544 /* ContentOverlayViewController.m */; };
		D64500EF12A7C3EB00DB6544 /* ContentOverlayViewController.xib in Resources */ = {isa = PBXBuildFile; fileRef = D64500EE12A7C3EB00DB6544 /* ContentOverlayViewController.xib */; };
		D645045C12A8541400DB6544 /* PageViewController.m in Sources */ = {isa = PBXBuildFile; fileRef = D645045B12A8541400DB6544 /* PageViewController.m */; };
		D645046B12A8562500DB6544 /* PageViewController_Portrait.xib in Resources */ = {isa = PBXBuildFile; fileRef = D645046A12A8562500DB6544 /* PageViewController_Portrait.xib */; };
		D645086F12A9226800DB6544 /* WebbrowserViewController.m in Sources */ = {isa = PBXBuildFile; fileRef = D645086E12A9226800DB6544 /* WebbrowserViewController.m */; };
		D645087112A922B200DB6544 /* WebbrowserViewController.xib in Resources */ = {isa = PBXBuildFile; fileRef = D645087012A922B200DB6544 /* WebbrowserViewController.xib */; };
		D645F99912A4FC2300DB6544 /* TocViewController.m in Sources */ = {isa = PBXBuildFile; fileRef = D645F99812A4FC2300DB6544 /* TocViewController.m */; };
		D645FAE912A5380100DB6544 /* shade.png in Resources */ = {isa = PBXBuildFile; fileRef = D645FAE812A5380100DB6544 /* shade.png */; };
		D645FBA712A54CE700DB6544 /* SideViewController.m in Sources */ = {isa = PBXBuildFile; fileRef = D645FBA612A54CE700DB6544 /* SideViewController.m */; };
		D645FC6512A56ADC00DB6544 /* book_invert.png in Resources */ = {isa = PBXBuildFile; fileRef = D645FC6412A56ADC00DB6544 /* book_invert.png */; };
		D645FCA112A6315600DB6544 /* house_invert.png in Resources */ = {isa = PBXBuildFile; fileRef = D645FCA012A6315600DB6544 /* house_invert.png */; };
		D645FCB912A632FA00DB6544 /* bird_invert.png in Resources */ = {isa = PBXBuildFile; fileRef = D645FCB812A632FA00DB6544 /* bird_invert.png */; };
		D645FFD812A78DA500DB6544 /* MapKit.framework in Frameworks */ = {isa = PBXBuildFile; fileRef = D645FFD712A78DA500DB6544 /* MapKit.framework */; };
		D64F237612AE98BA00202DBB /* refresh.png in Resources */ = {isa = PBXBuildFile; fileRef = D64F237512AE98BA00202DBB /* refresh.png */; };
		D64F237912AE99FB00202DBB /* back.png in Resources */ = {isa = PBXBuildFile; fileRef = D64F237712AE99FB00202DBB /* back.png */; };
		D64F237A12AE99FB00202DBB /* forward.png in Resources */ = {isa = PBXBuildFile; fileRef = D64F237812AE99FB00202DBB /* forward.png */; };
		D64F254E12B0E42500202DBB /* TwitterViewController.m in Sources */ = {isa = PBXBuildFile; fileRef = D64F254D12B0E42500202DBB /* TwitterViewController.m */; };
		D64F255F12B0E84800202DBB /* NSString+encoding.m in Sources */ = {isa = PBXBuildFile; fileRef = D64F255E12B0E84800202DBB /* NSString+encoding.m */; };
		D64F275112B2122500202DBB /* SBJsonWriter.m in Sources */ = {isa = PBXBuildFile; fileRef = D64F274612B2122500202DBB /* SBJsonWriter.m */; };
		D64F275212B2122500202DBB /* SBJsonParser.m in Sources */ = {isa = PBXBuildFile; fileRef = D64F274812B2122500202DBB /* SBJsonParser.m */; };
		D64F275312B2122500202DBB /* SBJsonBase.m in Sources */ = {isa = PBXBuildFile; fileRef = D64F274A12B2122500202DBB /* SBJsonBase.m */; };
		D64F275412B2122500202DBB /* NSString+SBJSON.m in Sources */ = {isa = PBXBuildFile; fileRef = D64F274C12B2122500202DBB /* NSString+SBJSON.m */; };
		D64F275512B2122500202DBB /* NSObject+SBJSON.m in Sources */ = {isa = PBXBuildFile; fileRef = D64F274E12B2122500202DBB /* NSObject+SBJSON.m */; };
		D64F290812B2417000202DBB /* TwitterMessageController.m in Sources */ = {isa = PBXBuildFile; fileRef = D64F290712B2417000202DBB /* TwitterMessageController.m */; };
		D64F2A3612B257AC00202DBB /* NSString+HTML.m in Sources */ = {isa = PBXBuildFile; fileRef = D64F2A3212B257AC00202DBB /* NSString+HTML.m */; };
		D64F2A3712B257AC00202DBB /* GTMNSString+HTML.m in Sources */ = {isa = PBXBuildFile; fileRef = D64F2A3412B257AC00202DBB /* GTMNSString+HTML.m */; };
		D662F0EA12C0A11100175CBA /* ItemViewer.m in Sources */ = {isa = PBXBuildFile; fileRef = D662F0E912C0A11100175CBA /* ItemViewer.m */; };
		D69B29CD13C6A7AC00B60F9F /* page_1.png in Resources */ = {isa = PBXBuildFile; fileRef = D69B29C513C6A7AC00B60F9F /* page_1.png */; };
		D69B29CE13C6A7AC00B60F9F /* page_2.png in Resources */ = {isa = PBXBuildFile; fileRef = D69B29C613C6A7AC00B60F9F /* page_2.png */; };
		D69B29CF13C6A7AC00B60F9F /* page_3.png in Resources */ = {isa = PBXBuildFile; fileRef = D69B29C713C6A7AC00B60F9F /* page_3.png */; };
		D69B29D013C6A7AC00B60F9F /* thumb_page_1.png in Resources */ = {isa = PBXBuildFile; fileRef = D69B29C813C6A7AC00B60F9F /* thumb_page_1.png */; };
		D69B29D113C6A7AC00B60F9F /* thumb_page_2.png in Resources */ = {isa = PBXBuildFile; fileRef = D69B29C913C6A7AC00B60F9F /* thumb_page_2.png */; };
		D69B29D213C6A7AC00B60F9F /* thumb_page_3.png in Resources */ = {isa = PBXBuildFile; fileRef = D69B29CA13C6A7AC00B60F9F /* thumb_page_3.png */; };
		D69B29D313C6A7AC00B60F9F /* magazine.xml in Resources */ = {isa = PBXBuildFile; fileRef = D69B29CC13C6A7AC00B60F9F /* magazine.xml */; };
		D69B29D513C6AC3A00B60F9F /* README in Resources */ = {isa = PBXBuildFile; fileRef = D69B29D413C6AC3A00B60F9F /* README */; };
		D69D0E5313899B440042C2BC /* app_bg_bottom.png in Resources */ = {isa = PBXBuildFile; fileRef = D69D0E5213899B430042C2BC /* app_bg_bottom.png */; };
		D69D0E5513899C020042C2BC /* app_bg_wide.png in Resources */ = {isa = PBXBuildFile; fileRef = D69D0E5413899C010042C2BC /* app_bg_wide.png */; };
		D69D0E801389F7350042C2BC /* twi.png in Resources */ = {isa = PBXBuildFile; fileRef = D69D0E7F1389F7340042C2BC /* twi.png */; };
		D6B5BB8A13C40721009032E6 /* PageViewController_Landscape.xib in Resources */ = {isa = PBXBuildFile; fileRef = D6B5BB8913C40721009032E6 /* PageViewController_Landscape.xib */; };
		D6B5BB9413C40DD6009032E6 /* twitter_message.html in Resources */ = {isa = PBXBuildFile; fileRef = D6B5BB9313C40DD6009032E6 /* twitter_message.html */; };
		D6B5BB9613C41AD5009032E6 /* TocViewController.xib in Resources */ = {isa = PBXBuildFile; fileRef = D6B5BB9513C41AD5009032E6 /* TocViewController.xib */; };
		D6B5BB9913C41AE5009032E6 /* TwitterMessageController.xib in Resources */ = {isa = PBXBuildFile; fileRef = D6B5BB9713C41AE5009032E6 /* TwitterMessageController.xib */; };
		D6B5BB9A13C41AE5009032E6 /* TwitterViewController.xib in Resources */ = {isa = PBXBuildFile; fileRef = D6B5BB9813C41AE5009032E6 /* TwitterViewController.xib */; };
		D6B5BB9C13C41B48009032E6 /* pointbox_black.png in Resources */ = {isa = PBXBuildFile; fileRef = D6B5BB9B13C41B46009032E6 /* pointbox_black.png */; };
/* End PBXBuildFile section */

/* Begin PBXFileReference section */
		1D30AB110D05D00D00671497 /* Foundation.framework */ = {isa = PBXFileReference; lastKnownFileType = wrapper.framework; name = Foundation.framework; path = System/Library/Frameworks/Foundation.framework; sourceTree = SDKROOT; };
		1D3623240D0F684500981E51 /* MMShowcaseAppDelegate.h */ = {isa = PBXFileReference; fileEncoding = 4; lastKnownFileType = sourcecode.c.h; path = MMShowcaseAppDelegate.h; sourceTree = "<group>"; };
		1D3623250D0F684500981E51 /* MMShowcaseAppDelegate.m */ = {isa = PBXFileReference; fileEncoding = 4; lastKnownFileType = sourcecode.c.objc; path = MMShowcaseAppDelegate.m; sourceTree = "<group>"; };
		1DF5F4DF0D08C38300B7A737 /* UIKit.framework */ = {isa = PBXFileReference; lastKnownFileType = wrapper.framework; name = UIKit.framework; path = System/Library/Frameworks/UIKit.framework; sourceTree = SDKROOT; };
		29B97316FDCFA39411CA2CEA /* main.m */ = {isa = PBXFileReference; fileEncoding = 4; lastKnownFileType = sourcecode.c.objc; path = main.m; sourceTree = "<group>"; };
		32CA4F630368D1EE00C91783 /* MMShowcase_Prefix.pch */ = {isa = PBXFileReference; fileEncoding = 4; lastKnownFileType = sourcecode.c.h; path = MMShowcase_Prefix.pch; sourceTree = "<group>"; };
		8D1107310486CEB800E47090 /* MMShowcase.plist */ = {isa = PBXFileReference; fileEncoding = 4; lastKnownFileType = text.plist.xml; path = MMShowcase.plist; plistStructureDefinitionIdentifier = "com.apple.xcode.plist.structure-definition.iphone.info-plist"; sourceTree = "<group>"; };
		D60E764E12B4F980003B9817 /* TOCUIImage.h */ = {isa = PBXFileReference; fileEncoding = 4; lastKnownFileType = sourcecode.c.h; path = TOCUIImage.h; sourceTree = "<group>"; };
		D60E764F12B4F980003B9817 /* TOCUIImage.m */ = {isa = PBXFileReference; fileEncoding = 4; lastKnownFileType = sourcecode.c.objc; path = TOCUIImage.m; sourceTree = "<group>"; };
		D60E782312B52E15003B9817 /* TwitterMessageView.h */ = {isa = PBXFileReference; fileEncoding = 4; lastKnownFileType = sourcecode.c.h; path = TwitterMessageView.h; sourceTree = "<group>"; };
		D60E782412B52E15003B9817 /* TwitterMessageView.m */ = {isa = PBXFileReference; fileEncoding = 4; lastKnownFileType = sourcecode.c.objc; path = TwitterMessageView.m; sourceTree = "<group>"; };
		D60FA52512B75DC500BD3F2F /* Const.h */ = {isa = PBXFileReference; fileEncoding = 4; lastKnownFileType = sourcecode.c.h; path = Const.h; sourceTree = "<group>"; };
		D610D47B129E7D04005D2DB4 /* CFNetwork.framework */ = {isa = PBXFileReference; lastKnownFileType = wrapper.framework; name = CFNetwork.framework; path = System/Library/Frameworks/CFNetwork.framework; sourceTree = SDKROOT; };
		D610D4CA129E81AC005D2DB4 /* MainWindow.xib */ = {isa = PBXFileReference; lastKnownFileType = file.xib; path = MainWindow.xib; sourceTree = "<group>"; };
		D610D727129F9B7D005D2DB4 /* CXMLNode_XPathExtensions.h */ = {isa = PBXFileReference; fileEncoding = 4; lastKnownFileType = sourcecode.c.h; name = CXMLNode_XPathExtensions.h; path = "Touch XML/CXMLNode_XPathExtensions.h"; sourceTree = "<group>"; };
		D610D728129F9B7D005D2DB4 /* CXMLNode_PrivateExtensions.m */ = {isa = PBXFileReference; fileEncoding = 4; lastKnownFileType = sourcecode.c.objc; name = CXMLNode_PrivateExtensions.m; path = "Touch XML/CXMLNode_PrivateExtensions.m"; sourceTree = "<group>"; };
		D610D729129F9B7D005D2DB4 /* CXMLNode_PrivateExtensions.h */ = {isa = PBXFileReference; fileEncoding = 4; lastKnownFileType = sourcecode.c.h; name = CXMLNode_PrivateExtensions.h; path = "Touch XML/CXMLNode_PrivateExtensions.h"; sourceTree = "<group>"; };
		D610D72A129F9B7D005D2DB4 /* CXMLNamespaceNode.m */ = {isa = PBXFileReference; fileEncoding = 4; lastKnownFileType = sourcecode.c.objc; name = CXMLNamespaceNode.m; path = "Touch XML/CXMLNamespaceNode.m"; sourceTree = "<group>"; };
		D610D72B129F9B7D005D2DB4 /* CXMLNamespaceNode.h */ = {isa = PBXFileReference; fileEncoding = 4; lastKnownFileType = sourcecode.c.h; name = CXMLNamespaceNode.h; path = "Touch XML/CXMLNamespaceNode.h"; sourceTree = "<group>"; };
		D610D72C129F9B7D005D2DB4 /* CXMLElement.m */ = {isa = PBXFileReference; fileEncoding = 4; lastKnownFileType = sourcecode.c.objc; name = CXMLElement.m; path = "Touch XML/CXMLElement.m"; sourceTree = "<group>"; };
		D610D72D129F9B7D005D2DB4 /* CXMLElement.h */ = {isa = PBXFileReference; fileEncoding = 4; lastKnownFileType = sourcecode.c.h; name = CXMLElement.h; path = "Touch XML/CXMLElement.h"; sourceTree = "<group>"; };
		D610D72E129F9B7D005D2DB4 /* CXMLElement_ElementTreeExtensions.m */ = {isa = PBXFileReference; fileEncoding = 4; lastKnownFileType = sourcecode.c.objc; name = CXMLElement_ElementTreeExtensions.m; path = "Touch XML/CXMLElement_ElementTreeExtensions.m"; sourceTree = "<group>"; };
		D610D72F129F9B7D005D2DB4 /* CXMLElement_ElementTreeExtensions.h */ = {isa = PBXFileReference; fileEncoding = 4; lastKnownFileType = sourcecode.c.h; name = CXMLElement_ElementTreeExtensions.h; path = "Touch XML/CXMLElement_ElementTreeExtensions.h"; sourceTree = "<group>"; };
		D610D730129F9B7D005D2DB4 /* CXMLElement_CreationExtensions.m */ = {isa = PBXFileReference; fileEncoding = 4; lastKnownFileType = sourcecode.c.objc; name = CXMLElement_CreationExtensions.m; path = "Touch XML/CXMLElement_CreationExtensions.m"; sourceTree = "<group>"; };
		D610D731129F9B7D005D2DB4 /* CXMLElement_CreationExtensions.h */ = {isa = PBXFileReference; fileEncoding = 4; lastKnownFileType = sourcecode.c.h; name = CXMLElement_CreationExtensions.h; path = "Touch XML/CXMLElement_CreationExtensions.h"; sourceTree = "<group>"; };
		D610D732129F9B7D005D2DB4 /* CXMLDocument.m */ = {isa = PBXFileReference; fileEncoding = 4; lastKnownFileType = sourcecode.c.objc; name = CXMLDocument.m; path = "Touch XML/CXMLDocument.m"; sourceTree = "<group>"; };
		D610D733129F9B7D005D2DB4 /* CXMLDocument.h */ = {isa = PBXFileReference; fileEncoding = 4; lastKnownFileType = sourcecode.c.h; name = CXMLDocument.h; path = "Touch XML/CXMLDocument.h"; sourceTree = "<group>"; };
		D610D734129F9B7D005D2DB4 /* CXMLDocument_PrivateExtensions.m */ = {isa = PBXFileReference; fileEncoding = 4; lastKnownFileType = sourcecode.c.objc; name = CXMLDocument_PrivateExtensions.m; path = "Touch XML/CXMLDocument_PrivateExtensions.m"; sourceTree = "<group>"; };
		D610D735129F9B7D005D2DB4 /* CXMLDocument_PrivateExtensions.h */ = {isa = PBXFileReference; fileEncoding = 4; lastKnownFileType = sourcecode.c.h; name = CXMLDocument_PrivateExtensions.h; path = "Touch XML/CXMLDocument_PrivateExtensions.h"; sourceTree = "<group>"; };
		D610D737129F9B7D005D2DB4 /* CXMLDocument_CreationExtensions.h */ = {isa = PBXFileReference; fileEncoding = 4; lastKnownFileType = sourcecode.c.h; path = CXMLDocument_CreationExtensions.h; sourceTree = "<group>"; };
		D610D738129F9B7D005D2DB4 /* CXMLDocument_CreationExtensions.m */ = {isa = PBXFileReference; fileEncoding = 4; lastKnownFileType = sourcecode.c.objc; path = CXMLDocument_CreationExtensions.m; sourceTree = "<group>"; };
		D610D739129F9B7D005D2DB4 /* CXMLNode_CreationExtensions.h */ = {isa = PBXFileReference; fileEncoding = 4; lastKnownFileType = sourcecode.c.h; path = CXMLNode_CreationExtensions.h; sourceTree = "<group>"; };
		D610D73A129F9B7D005D2DB4 /* CXMLNode_CreationExtensions.m */ = {isa = PBXFileReference; fileEncoding = 4; lastKnownFileType = sourcecode.c.objc; path = CXMLNode_CreationExtensions.m; sourceTree = "<group>"; };
		D610D74A129F9BAF005D2DB4 /* libxml2.2.7.3.dylib */ = {isa = PBXFileReference; lastKnownFileType = "compiled.mach-o.dylib"; name = libxml2.2.7.3.dylib; path = usr/lib/libxml2.2.7.3.dylib; sourceTree = SDKROOT; };
		D610D782129F9CC7005D2DB4 /* TouchXML.h */ = {isa = PBXFileReference; fileEncoding = 4; lastKnownFileType = sourcecode.c.h; name = TouchXML.h; path = "Touch XML/TouchXML.h"; sourceTree = "<group>"; };
		D610D784129F9CC7005D2DB4 /* CTidy.h */ = {isa = PBXFileReference; fileEncoding = 4; lastKnownFileType = sourcecode.c.h; path = CTidy.h; sourceTree = "<group>"; };
		D610D785129F9CC7005D2DB4 /* CTidy.m */ = {isa = PBXFileReference; fileEncoding = 4; lastKnownFileType = sourcecode.c.objc; path = CTidy.m; sourceTree = "<group>"; };
		D610D786129F9CC7005D2DB4 /* CXMLNode.m */ = {isa = PBXFileReference; fileEncoding = 4; lastKnownFileType = sourcecode.c.objc; name = CXMLNode.m; path = "Touch XML/CXMLNode.m"; sourceTree = "<group>"; };
		D610D787129F9CC7005D2DB4 /* CXMLNode.h */ = {isa = PBXFileReference; fileEncoding = 4; lastKnownFileType = sourcecode.c.h; name = CXMLNode.h; path = "Touch XML/CXMLNode.h"; sourceTree = "<group>"; };
		D610D788129F9CC7005D2DB4 /* CXMLNode_XPathExtensions.m */ = {isa = PBXFileReference; fileEncoding = 4; lastKnownFileType = sourcecode.c.objc; name = CXMLNode_XPathExtensions.m; path = "Touch XML/CXMLNode_XPathExtensions.m"; sourceTree = "<group>"; };
		D610D791129FA0E4005D2DB4 /* MagazineStructure.h */ = {isa = PBXFileReference; fileEncoding = 4; lastKnownFileType = sourcecode.c.h; path = MagazineStructure.h; sourceTree = "<group>"; };
		D610D792129FA0E4005D2DB4 /* MagazineStructure.m */ = {isa = PBXFileReference; fileEncoding = 4; lastKnownFileType = sourcecode.c.objc; path = MagazineStructure.m; sourceTree = "<group>"; };
		D610D88E129FC3FB005D2DB4 /* QuartzCore.framework */ = {isa = PBXFileReference; lastKnownFileType = wrapper.framework; name = QuartzCore.framework; path = System/Library/Frameworks/QuartzCore.framework; sourceTree = SDKROOT; };
		D610D8C3129FC417005D2DB4 /* CoreGraphics.framework */ = {isa = PBXFileReference; lastKnownFileType = wrapper.framework; name = CoreGraphics.framework; path = System/Library/Frameworks/CoreGraphics.framework; sourceTree = SDKROOT; };
		D610E0B112A38A57005D2DB4 /* ViewUtil.h */ = {isa = PBXFileReference; fileEncoding = 4; lastKnownFileType = sourcecode.c.h; path = ViewUtil.h; sourceTree = "<group>"; };
		D610E0B212A38A57005D2DB4 /* ViewUtil.m */ = {isa = PBXFileReference; fileEncoding = 4; lastKnownFileType = sourcecode.c.objc; path = ViewUtil.m; sourceTree = "<group>"; };
		D610E42612A3E1FF005D2DB4 /* book_shadow.png */ = {isa = PBXFileReference; lastKnownFileType = image.png; path = book_shadow.png; sourceTree = "<group>"; };
		D645000212A7938000DB6544 /* CoreLocation.framework */ = {isa = PBXFileReference; lastKnownFileType = wrapper.framework; name = CoreLocation.framework; path = System/Library/Frameworks/CoreLocation.framework; sourceTree = SDKROOT; };
		D64500E812A7C27B00DB6544 /* OverlayViewController.h */ = {isa = PBXFileReference; fileEncoding = 4; lastKnownFileType = sourcecode.c.h; path = OverlayViewController.h; sourceTree = "<group>"; };
		D64500E912A7C27B00DB6544 /* OverlayViewController.m */ = {isa = PBXFileReference; fileEncoding = 4; lastKnownFileType = sourcecode.c.objc; path = OverlayViewController.m; sourceTree = "<group>"; };
		D64500EB12A7C3AC00DB6544 /* ContentOverlayViewController.h */ = {isa = PBXFileReference; fileEncoding = 4; lastKnownFileType = sourcecode.c.h; path = ContentOverlayViewController.h; sourceTree = "<group>"; };
		D64500EC12A7C3AC00DB6544 /* ContentOverlayViewController.m */ = {isa = PBXFileReference; fileEncoding = 4; lastKnownFileType = sourcecode.c.objc; path = ContentOverlayViewController.m; sourceTree = "<group>"; };
		D64500EE12A7C3EB00DB6544 /* ContentOverlayViewController.xib */ = {isa = PBXFileReference; lastKnownFileType = file.xib; path = ContentOverlayViewController.xib; sourceTree = "<group>"; };
		D645045A12A8541400DB6544 /* PageViewController.h */ = {isa = PBXFileReference; fileEncoding = 4; lastKnownFileType = sourcecode.c.h; path = PageViewController.h; sourceTree = "<group>"; };
		D645045B12A8541400DB6544 /* PageViewController.m */ = {isa = PBXFileReference; fileEncoding = 4; lastKnownFileType = sourcecode.c.objc; path = PageViewController.m; sourceTree = "<group>"; };
		D645046A12A8562500DB6544 /* PageViewController_Portrait.xib */ = {isa = PBXFileReference; lastKnownFileType = file.xib; path = PageViewController_Portrait.xib; sourceTree = "<group>"; };
		D645086D12A9226800DB6544 /* WebbrowserViewController.h */ = {isa = PBXFileReference; fileEncoding = 4; lastKnownFileType = sourcecode.c.h; path = WebbrowserViewController.h; sourceTree = "<group>"; };
		D645086E12A9226800DB6544 /* WebbrowserViewController.m */ = {isa = PBXFileReference; fileEncoding = 4; lastKnownFileType = sourcecode.c.objc; path = WebbrowserViewController.m; sourceTree = "<group>"; };
		D645087012A922B200DB6544 /* WebbrowserViewController.xib */ = {isa = PBXFileReference; lastKnownFileType = file.xib; path = WebbrowserViewController.xib; sourceTree = "<group>"; };
		D645F99712A4FC2300DB6544 /* TocViewController.h */ = {isa = PBXFileReference; fileEncoding = 4; lastKnownFileType = sourcecode.c.h; path = TocViewController.h; sourceTree = "<group>"; };
		D645F99812A4FC2300DB6544 /* TocViewController.m */ = {isa = PBXFileReference; fileEncoding = 4; lastKnownFileType = sourcecode.c.objc; path = TocViewController.m; sourceTree = "<group>"; };
		D645FAE812A5380100DB6544 /* shade.png */ = {isa = PBXFileReference; lastKnownFileType = image.png; path = shade.png; sourceTree = "<group>"; };
		D645FBA512A54CE700DB6544 /* SideViewController.h */ = {isa = PBXFileReference; fileEncoding = 4; lastKnownFileType = sourcecode.c.h; path = SideViewController.h; sourceTree = "<group>"; };
		D645FBA612A54CE700DB6544 /* SideViewController.m */ = {isa = PBXFileReference; fileEncoding = 4; lastKnownFileType = sourcecode.c.objc; path = SideViewController.m; sourceTree = "<group>"; };
		D645FC6412A56ADC00DB6544 /* book_invert.png */ = {isa = PBXFileReference; lastKnownFileType = image.png; path = book_invert.png; sourceTree = "<group>"; };
		D645FCA012A6315600DB6544 /* house_invert.png */ = {isa = PBXFileReference; lastKnownFileType = image.png; path = house_invert.png; sourceTree = "<group>"; };
		D645FCB812A632FA00DB6544 /* bird_invert.png */ = {isa = PBXFileReference; lastKnownFileType = image.png; path = bird_invert.png; sourceTree = "<group>"; };
		D645FFD712A78DA500DB6544 /* MapKit.framework */ = {isa = PBXFileReference; lastKnownFileType = wrapper.framework; name = MapKit.framework; path = System/Library/Frameworks/MapKit.framework; sourceTree = SDKROOT; };
		D64F237512AE98BA00202DBB /* refresh.png */ = {isa = PBXFileReference; lastKnownFileType = image.png; path = refresh.png; sourceTree = "<group>"; };
		D64F237712AE99FB00202DBB /* back.png */ = {isa = PBXFileReference; lastKnownFileType = image.png; path = back.png; sourceTree = "<group>"; };
		D64F237812AE99FB00202DBB /* forward.png */ = {isa = PBXFileReference; lastKnownFileType = image.png; path = forward.png; sourceTree = "<group>"; };
		D64F254C12B0E42500202DBB /* TwitterViewController.h */ = {isa = PBXFileReference; fileEncoding = 4; lastKnownFileType = sourcecode.c.h; path = TwitterViewController.h; sourceTree = "<group>"; };
		D64F254D12B0E42500202DBB /* TwitterViewController.m */ = {isa = PBXFileReference; fileEncoding = 4; lastKnownFileType = sourcecode.c.objc; path = TwitterViewController.m; sourceTree = "<group>"; };
		D64F255D12B0E84800202DBB /* NSString+encoding.h */ = {isa = PBXFileReference; fileEncoding = 4; lastKnownFileType = sourcecode.c.h; path = "NSString+encoding.h"; sourceTree = "<group>"; };
		D64F255E12B0E84800202DBB /* NSString+encoding.m */ = {isa = PBXFileReference; fileEncoding = 4; lastKnownFileType = sourcecode.c.objc; path = "NSString+encoding.m"; sourceTree = "<group>"; };
		D64F274612B2122500202DBB /* SBJsonWriter.m */ = {isa = PBXFileReference; fileEncoding = 4; lastKnownFileType = sourcecode.c.objc; path = SBJsonWriter.m; sourceTree = "<group>"; };
		D64F274712B2122500202DBB /* SBJsonWriter.h */ = {isa = PBXFileReference; fileEncoding = 4; lastKnownFileType = sourcecode.c.h; path = SBJsonWriter.h; sourceTree = "<group>"; };
		D64F274812B2122500202DBB /* SBJsonParser.m */ = {isa = PBXFileReference; fileEncoding = 4; lastKnownFileType = sourcecode.c.objc; path = SBJsonParser.m; sourceTree = "<group>"; };
		D64F274912B2122500202DBB /* SBJsonParser.h */ = {isa = PBXFileReference; fileEncoding = 4; lastKnownFileType = sourcecode.c.h; path = SBJsonParser.h; sourceTree = "<group>"; };
		D64F274A12B2122500202DBB /* SBJsonBase.m */ = {isa = PBXFileReference; fileEncoding = 4; lastKnownFileType = sourcecode.c.objc; path = SBJsonBase.m; sourceTree = "<group>"; };
		D64F274B12B2122500202DBB /* SBJsonBase.h */ = {isa = PBXFileReference; fileEncoding = 4; lastKnownFileType = sourcecode.c.h; path = SBJsonBase.h; sourceTree = "<group>"; };
		D64F274C12B2122500202DBB /* NSString+SBJSON.m */ = {isa = PBXFileReference; fileEncoding = 4; lastKnownFileType = sourcecode.c.objc; path = "NSString+SBJSON.m"; sourceTree = "<group>"; };
		D64F274D12B2122500202DBB /* NSString+SBJSON.h */ = {isa = PBXFileReference; fileEncoding = 4; lastKnownFileType = sourcecode.c.h; path = "NSString+SBJSON.h"; sourceTree = "<group>"; };
		D64F274E12B2122500202DBB /* NSObject+SBJSON.m */ = {isa = PBXFileReference; fileEncoding = 4; lastKnownFileType = sourcecode.c.objc; path = "NSObject+SBJSON.m"; sourceTree = "<group>"; };
		D64F274F12B2122500202DBB /* NSObject+SBJSON.h */ = {isa = PBXFileReference; fileEncoding = 4; lastKnownFileType = sourcecode.c.h; path = "NSObject+SBJSON.h"; sourceTree = "<group>"; };
		D64F275012B2122500202DBB /* JSON.h */ = {isa = PBXFileReference; fileEncoding = 4; lastKnownFileType = sourcecode.c.h; path = JSON.h; sourceTree = "<group>"; };
		D64F290612B2417000202DBB /* TwitterMessageController.h */ = {isa = PBXFileReference; fileEncoding = 4; lastKnownFileType = sourcecode.c.h; path = TwitterMessageController.h; sourceTree = "<group>"; };
		D64F290712B2417000202DBB /* TwitterMessageController.m */ = {isa = PBXFileReference; fileEncoding = 4; lastKnownFileType = sourcecode.c.objc; path = TwitterMessageController.m; sourceTree = "<group>"; };
		D64F2A3212B257AC00202DBB /* NSString+HTML.m */ = {isa = PBXFileReference; fileEncoding = 4; lastKnownFileType = sourcecode.c.objc; path = "NSString+HTML.m"; sourceTree = "<group>"; };
		D64F2A3312B257AC00202DBB /* NSString+HTML.h */ = {isa = PBXFileReference; fileEncoding = 4; lastKnownFileType = sourcecode.c.h; path = "NSString+HTML.h"; sourceTree = "<group>"; };
		D64F2A3412B257AC00202DBB /* GTMNSString+HTML.m */ = {isa = PBXFileReference; fileEncoding = 4; lastKnownFileType = sourcecode.c.objc; path = "GTMNSString+HTML.m"; sourceTree = "<group>"; };
		D64F2A3512B257AC00202DBB /* GTMNSString+HTML.h */ = {isa = PBXFileReference; fileEncoding = 4; lastKnownFileType = sourcecode.c.h; path = "GTMNSString+HTML.h"; sourceTree = "<group>"; };
		D64F2A4012B2581400202DBB /* GTMDefines.h */ = {isa = PBXFileReference; fileEncoding = 4; lastKnownFileType = sourcecode.c.h; path = GTMDefines.h; sourceTree = "<group>"; };
		D6548277135E009600BD2098 /* MMShowcase.app */ = {isa = PBXFileReference; explicitFileType = wrapper.application; includeInIndex = 0; path = MMShowcase.app; sourceTree = BUILT_PRODUCTS_DIR; };
		D662F0E812C0A11100175CBA /* ItemViewer.h */ = {isa = PBXFileReference; fileEncoding = 4; lastKnownFileType = sourcecode.c.h; path = ItemViewer.h; sourceTree = "<group>"; };
		D662F0E912C0A11100175CBA /* ItemViewer.m */ = {isa = PBXFileReference; fileEncoding = 4; lastKnownFileType = sourcecode.c.objc; path = ItemViewer.m; sourceTree = "<group>"; };
		D69B29C513C6A7AC00B60F9F /* page_1.png */ = {isa = PBXFileReference; lastKnownFileType = image.png; path = page_1.png; sourceTree = "<group>"; };
		D69B29C613C6A7AC00B60F9F /* page_2.png */ = {isa = PBXFileReference; lastKnownFileType = image.png; path = page_2.png; sourceTree = "<group>"; };
		D69B29C713C6A7AC00B60F9F /* page_3.png */ = {isa = PBXFileReference; lastKnownFileType = image.png; path = page_3.png; sourceTree = "<group>"; };
		D69B29C813C6A7AC00B60F9F /* thumb_page_1.png */ = {isa = PBXFileReference; lastKnownFileType = image.png; path = thumb_page_1.png; sourceTree = "<group>"; };
		D69B29C913C6A7AC00B60F9F /* thumb_page_2.png */ = {isa = PBXFileReference; lastKnownFileType = image.png; path = thumb_page_2.png; sourceTree = "<group>"; };
		D69B29CA13C6A7AC00B60F9F /* thumb_page_3.png */ = {isa = PBXFileReference; lastKnownFileType = image.png; path = thumb_page_3.png; sourceTree = "<group>"; };
		D69B29CC13C6A7AC00B60F9F /* magazine.xml */ = {isa = PBXFileReference; fileEncoding = 4; lastKnownFileType = text.xml; path = magazine.xml; sourceTree = "<group>"; };
		D69B29D413C6AC3A00B60F9F /* README */ = {isa = PBXFileReference; fileEncoding = 4; lastKnownFileType = text; path = README; sourceTree = "<group>"; };
		D69D0E5213899B430042C2BC /* app_bg_bottom.png */ = {isa = PBXFileReference; lastKnownFileType = image.png; path = app_bg_bottom.png; sourceTree = "<group>"; };
		D69D0E5413899C010042C2BC /* app_bg_wide.png */ = {isa = PBXFileReference; lastKnownFileType = image.png; path = app_bg_wide.png; sourceTree = "<group>"; };
		D69D0E7F1389F7340042C2BC /* twi.png */ = {isa = PBXFileReference; lastKnownFileType = image.png; path = twi.png; sourceTree = "<group>"; };
		D6AD1E6F13C23BF2006D953D /* PageControllerDelegate.h */ = {isa = PBXFileReference; fileEncoding = 4; lastKnownFileType = sourcecode.c.h; path = PageControllerDelegate.h; sourceTree = "<group>"; };
		D6B5BB8913C40721009032E6 /* PageViewController_Landscape.xib */ = {isa = PBXFileReference; fileEncoding = 4; lastKnownFileType = file.xib; path = PageViewController_Landscape.xib; sourceTree = "<group>"; };
		D6B5BB9313C40DD6009032E6 /* twitter_message.html */ = {isa = PBXFileReference; fileEncoding = 4; lastKnownFileType = text.html; path = twitter_message.html; sourceTree = "<group>"; };
		D6B5BB9513C41AD5009032E6 /* TocViewController.xib */ = {isa = PBXFileReference; fileEncoding = 4; lastKnownFileType = file.xib; path = TocViewController.xib; sourceTree = "<group>"; };
		D6B5BB9713C41AE5009032E6 /* TwitterMessageController.xib */ = {isa = PBXFileReference; fileEncoding = 4; lastKnownFileType = file.xib; path = TwitterMessageController.xib; sourceTree = "<group>"; };
		D6B5BB9813C41AE5009032E6 /* TwitterViewController.xib */ = {isa = PBXFileReference; fileEncoding = 4; lastKnownFileType = file.xib; path = TwitterViewController.xib; sourceTree = "<group>"; };
		D6B5BB9B13C41B46009032E6 /* pointbox_black.png */ = {isa = PBXFileReference; lastKnownFileType = image.png; path = pointbox_black.png; sourceTree = "<group>"; };
/* End PBXFileReference section */

/* Begin PBXFrameworksBuildPhase section */
		1D60588F0D05DD3D006BFB54 /* Frameworks */ = {
			isa = PBXFrameworksBuildPhase;
			buildActionMask = 2147483647;
			files = (
				1D60589F0D05DD5A006BFB54 /* Foundation.framework in Frameworks */,
				1DF5F4E00D08C38300B7A737 /* UIKit.framework in Frameworks */,
				D610D47C129E7D04005D2DB4 /* CFNetwork.framework in Frameworks */,
				D610D74B129F9BAF005D2DB4 /* libxml2.2.7.3.dylib in Frameworks */,
				D610D88F129FC3FB005D2DB4 /* QuartzCore.framework in Frameworks */,
				D610D8C4129FC417005D2DB4 /* CoreGraphics.framework in Frameworks */,
				D645FFD812A78DA500DB6544 /* MapKit.framework in Frameworks */,
				D645000312A7938000DB6544 /* CoreLocation.framework in Frameworks */,
			);
			runOnlyForDeploymentPostprocessing = 0;
		};
/* End PBXFrameworksBuildPhase section */

/* Begin PBXGroup section */
		080E96DDFE201D6D7F000001 /* Classes */ = {
			isa = PBXGroup;
			children = (
				D610E47B12A40CF3005D2DB4 /* ViewController */,
				D610E0B012A38A4D005D2DB4 /* Util */,
				D610DA1312A11E87005D2DB4 /* View */,
				D610D71F129F9B11005D2DB4 /* Third party */,
				1D3623240D0F684500981E51 /* MMShowcaseAppDelegate.h */,
				1D3623250D0F684500981E51 /* MMShowcaseAppDelegate.m */,
				D610D791129FA0E4005D2DB4 /* MagazineStructure.h */,
				D610D792129FA0E4005D2DB4 /* MagazineStructure.m */,
			);
			path = Classes;
			sourceTree = "<group>";
		};
		19C28FACFE9D520D11CA2CBB /* Products */ = {
			isa = PBXGroup;
			children = (
				D6548277135E009600BD2098 /* MMShowcase.app */,
			);
			name = Products;
			sourceTree = "<group>";
		};
		29B97314FDCFA39411CA2CEA /* CustomTemplate */ = {
			isa = PBXGroup;
			children = (
				080E96DDFE201D6D7F000001 /* Classes */,
				29B97315FDCFA39411CA2CEA /* Other Sources */,
				29B97317FDCFA39411CA2CEA /* Resources */,
				29B97323FDCFA39411CA2CEA /* Frameworks */,
				19C28FACFE9D520D11CA2CBB /* Products */,
			);
			name = CustomTemplate;
			sourceTree = "<group>";
		};
		29B97315FDCFA39411CA2CEA /* Other Sources */ = {
			isa = PBXGroup;
			children = (
				32CA4F630368D1EE00C91783 /* MMShowcase_Prefix.pch */,
				29B97316FDCFA39411CA2CEA /* main.m */,
			);
			name = "Other Sources";
			sourceTree = "<group>";
		};
		29B97317FDCFA39411CA2CEA /* Resources */ = {
			isa = PBXGroup;
			children = (
				D6B5BB9213C40DBA009032E6 /* misc */,
				D610D7A3129FA753005D2DB4 /* magazines */,
				D610D78E129F9CDB005D2DB4 /* xib */,
				D610D660129EBB17005D2DB4 /* Img */,
				8D1107310486CEB800E47090 /* MMShowcase.plist */,
				D69B29D413C6AC3A00B60F9F /* README */,
			);
			name = Resources;
			sourceTree = "<group>";
		};
		29B97323FDCFA39411CA2CEA /* Frameworks */ = {
			isa = PBXGroup;
			children = (
				D610D47B129E7D04005D2DB4 /* CFNetwork.framework */,
				1DF5F4DF0D08C38300B7A737 /* UIKit.framework */,
				1D30AB110D05D00D00671497 /* Foundation.framework */,
				D610D74A129F9BAF005D2DB4 /* libxml2.2.7.3.dylib */,
				D610D88E129FC3FB005D2DB4 /* QuartzCore.framework */,
				D610D8C3129FC417005D2DB4 /* CoreGraphics.framework */,
				D645FFD712A78DA500DB6544 /* MapKit.framework */,
				D645000212A7938000DB6544 /* CoreLocation.framework */,
			);
			name = Frameworks;
			sourceTree = "<group>";
		};
		D610D660129EBB17005D2DB4 /* Img */ = {
			isa = PBXGroup;
			children = (
				D6B5BB9B13C41B46009032E6 /* pointbox_black.png */,
				D69D0E7F1389F7340042C2BC /* twi.png */,
				D69D0E5413899C010042C2BC /* app_bg_wide.png */,
				D64F237712AE99FB00202DBB /* back.png */,
				D64F237812AE99FB00202DBB /* forward.png */,
				D64F237512AE98BA00202DBB /* refresh.png */,
				D69D0E5213899B430042C2BC /* app_bg_bottom.png */,
				D645FCB812A632FA00DB6544 /* bird_invert.png */,
				D645FCA012A6315600DB6544 /* house_invert.png */,
				D645FC6412A56ADC00DB6544 /* book_invert.png */,
				D645FAE812A5380100DB6544 /* shade.png */,
				D610E42612A3E1FF005D2DB4 /* book_shadow.png */,
			);
			name = Img;
			sourceTree = "<group>";
		};
		D610D71F129F9B11005D2DB4 /* Third party */ = {
			isa = PBXGroup;
			children = (
				D64F2A4012B2581400202DBB /* GTMDefines.h */,
				D64F2A3212B257AC00202DBB /* NSString+HTML.m */,
				D64F2A3312B257AC00202DBB /* NSString+HTML.h */,
				D64F2A3412B257AC00202DBB /* GTMNSString+HTML.m */,
				D64F2A3512B257AC00202DBB /* GTMNSString+HTML.h */,
				D64F274312B2121D00202DBB /* JSON */,
				D610D720129F9B1A005D2DB4 /* Touch XML */,
			);
			name = "Third party";
			sourceTree = "<group>";
		};
		D610D720129F9B1A005D2DB4 /* Touch XML */ = {
			isa = PBXGroup;
			children = (
				D610D782129F9CC7005D2DB4 /* TouchXML.h */,
				D610D783129F9CC7005D2DB4 /* Tidy */,
				D610D786129F9CC7005D2DB4 /* CXMLNode.m */,
				D610D787129F9CC7005D2DB4 /* CXMLNode.h */,
				D610D788129F9CC7005D2DB4 /* CXMLNode_XPathExtensions.m */,
				D610D727129F9B7D005D2DB4 /* CXMLNode_XPathExtensions.h */,
				D610D728129F9B7D005D2DB4 /* CXMLNode_PrivateExtensions.m */,
				D610D729129F9B7D005D2DB4 /* CXMLNode_PrivateExtensions.h */,
				D610D72A129F9B7D005D2DB4 /* CXMLNamespaceNode.m */,
				D610D72B129F9B7D005D2DB4 /* CXMLNamespaceNode.h */,
				D610D72C129F9B7D005D2DB4 /* CXMLElement.m */,
				D610D72D129F9B7D005D2DB4 /* CXMLElement.h */,
				D610D72E129F9B7D005D2DB4 /* CXMLElement_ElementTreeExtensions.m */,
				D610D72F129F9B7D005D2DB4 /* CXMLElement_ElementTreeExtensions.h */,
				D610D730129F9B7D005D2DB4 /* CXMLElement_CreationExtensions.m */,
				D610D731129F9B7D005D2DB4 /* CXMLElement_CreationExtensions.h */,
				D610D732129F9B7D005D2DB4 /* CXMLDocument.m */,
				D610D733129F9B7D005D2DB4 /* CXMLDocument.h */,
				D610D734129F9B7D005D2DB4 /* CXMLDocument_PrivateExtensions.m */,
				D610D735129F9B7D005D2DB4 /* CXMLDocument_PrivateExtensions.h */,
				D610D736129F9B7D005D2DB4 /* Creation */,
			);
			name = "Touch XML";
			sourceTree = "<group>";
		};
		D610D736129F9B7D005D2DB4 /* Creation */ = {
			isa = PBXGroup;
			children = (
				D610D737129F9B7D005D2DB4 /* CXMLDocument_CreationExtensions.h */,
				D610D738129F9B7D005D2DB4 /* CXMLDocument_CreationExtensions.m */,
				D610D739129F9B7D005D2DB4 /* CXMLNode_CreationExtensions.h */,
				D610D73A129F9B7D005D2DB4 /* CXMLNode_CreationExtensions.m */,
			);
			name = Creation;
			path = "Touch XML/Creation";
			sourceTree = "<group>";
		};
		D610D783129F9CC7005D2DB4 /* Tidy */ = {
			isa = PBXGroup;
			children = (
				D610D784129F9CC7005D2DB4 /* CTidy.h */,
				D610D785129F9CC7005D2DB4 /* CTidy.m */,
			);
			name = Tidy;
			path = "Touch XML/Tidy";
			sourceTree = "<group>";
		};
		D610D78E129F9CDB005D2DB4 /* xib */ = {
			isa = PBXGroup;
			children = (
				D6B5BB6E13C4060E009032E6 /* Side layer */,
				D6B5BB6D13C405AA009032E6 /* PageViewController */,
				D610D824129FB303005D2DB4 /* Magazine */,
				D662F0C212C0946F00175CBA /* Extra content */,
				D610D4CA129E81AC005D2DB4 /* MainWindow.xib */,
			);
			name = xib;
			sourceTree = "<group>";
		};
		D610D7A3129FA753005D2DB4 /* magazines */ = {
			isa = PBXGroup;
			children = (
				D69B29C313C6A7AC00B60F9F /* Demo */,
			);
			name = magazines;
			sourceTree = "<group>";
		};
		D610D823129FB2F1005D2DB4 /* Misc */ = {
			isa = PBXGroup;
			children = (
				D662F0E812C0A11100175CBA /* ItemViewer.h */,
				D662F0E912C0A11100175CBA /* ItemViewer.m */,
			);
			name = Misc;
			sourceTree = "<group>";
		};
		D610D824129FB303005D2DB4 /* Magazine */ = {
			isa = PBXGroup;
			children = (
				D64500EE12A7C3EB00DB6544 /* ContentOverlayViewController.xib */,
			);
			name = Magazine;
			sourceTree = "<group>";
		};
		D610DA1312A11E87005D2DB4 /* View */ = {
			isa = PBXGroup;
			children = (
				D60E764E12B4F980003B9817 /* TOCUIImage.h */,
				D60E764F12B4F980003B9817 /* TOCUIImage.m */,
			);
			name = View;
			sourceTree = "<group>";
		};
		D610E0B012A38A4D005D2DB4 /* Util */ = {
			isa = PBXGroup;
			children = (
				D610E0B112A38A57005D2DB4 /* ViewUtil.h */,
				D610E0B212A38A57005D2DB4 /* ViewUtil.m */,
				D64F255D12B0E84800202DBB /* NSString+encoding.h */,
				D64F255E12B0E84800202DBB /* NSString+encoding.m */,
			);
			name = Util;
			sourceTree = "<group>";
		};
		D610E47B12A40CF3005D2DB4 /* ViewController */ = {
			isa = PBXGroup;
			children = (
				D647415013C297D0002C1378 /* Overlay */,
				D6AD1E6E13C23B90006D953D /* Page */,
				D64F269112B1412400202DBB /* Twitter */,
				D64F255112B0E4D600202DBB /* Side controllers */,
				D610D823129FB2F1005D2DB4 /* Misc */,
				D60FA52512B75DC500BD3F2F /* Const.h */,
			);
			name = ViewController;
			sourceTree = "<group>";
		};
		D647415013C297D0002C1378 /* Overlay */ = {
			isa = PBXGroup;
			children = (
				D64500E812A7C27B00DB6544 /* OverlayViewController.h */,
				D64500E912A7C27B00DB6544 /* OverlayViewController.m */,
				D64500EB12A7C3AC00DB6544 /* ContentOverlayViewController.h */,
				D64500EC12A7C3AC00DB6544 /* ContentOverlayViewController.m */,
				D645086D12A9226800DB6544 /* WebbrowserViewController.h */,
				D645086E12A9226800DB6544 /* WebbrowserViewController.m */,
			);
			name = Overlay;
			sourceTree = "<group>";
		};
		D64F255112B0E4D600202DBB /* Side controllers */ = {
			isa = PBXGroup;
			children = (
				D645F99712A4FC2300DB6544 /* TocViewController.h */,
				D645F99812A4FC2300DB6544 /* TocViewController.m */,
				D645FBA512A54CE700DB6544 /* SideViewController.h */,
				D645FBA612A54CE700DB6544 /* SideViewController.m */,
				D64F254C12B0E42500202DBB /* TwitterViewController.h */,
				D64F254D12B0E42500202DBB /* TwitterViewController.m */,
			);
			name = "Side controllers";
			sourceTree = "<group>";
		};
		D64F269112B1412400202DBB /* Twitter */ = {
			isa = PBXGroup;
			children = (
				D64F290612B2417000202DBB /* TwitterMessageController.h */,
				D64F290712B2417000202DBB /* TwitterMessageController.m */,
				D60E782312B52E15003B9817 /* TwitterMessageView.h */,
				D60E782412B52E15003B9817 /* TwitterMessageView.m */,
			);
			name = Twitter;
			sourceTree = "<group>";
		};
		D64F274312B2121D00202DBB /* JSON */ = {
			isa = PBXGroup;
			children = (
				D64F274612B2122500202DBB /* SBJsonWriter.m */,
				D64F274712B2122500202DBB /* SBJsonWriter.h */,
				D64F274812B2122500202DBB /* SBJsonParser.m */,
				D64F274912B2122500202DBB /* SBJsonParser.h */,
				D64F274A12B2122500202DBB /* SBJsonBase.m */,
				D64F274B12B2122500202DBB /* SBJsonBase.h */,
				D64F274C12B2122500202DBB /* NSString+SBJSON.m */,
				D64F274D12B2122500202DBB /* NSString+SBJSON.h */,
				D64F274E12B2122500202DBB /* NSObject+SBJSON.m */,
				D64F274F12B2122500202DBB /* NSObject+SBJSON.h */,
				D64F275012B2122500202DBB /* JSON.h */,
			);
			name = JSON;
			sourceTree = "<group>";
		};
		D662F0C212C0946F00175CBA /* Extra content */ = {
			isa = PBXGroup;
			children = (
				D645087012A922B200DB6544 /* WebbrowserViewController.xib */,
			);
			name = "Extra content";
			sourceTree = "<group>";
		};
		D69B29C313C6A7AC00B60F9F /* Demo */ = {
			isa = PBXGroup;
			children = (
				D69B29C413C6A7AC00B60F9F /* Chapters */,
				D69B29CC13C6A7AC00B60F9F /* magazine.xml */,
			);
			name = Demo;
			path = magazines/Demo;
			sourceTree = "<group>";
		};
		D69B29C413C6A7AC00B60F9F /* Chapters */ = {
			isa = PBXGroup;
			children = (
				D69B29C513C6A7AC00B60F9F /* page_1.png */,
				D69B29C613C6A7AC00B60F9F /* page_2.png */,
				D69B29C713C6A7AC00B60F9F /* page_3.png */,
				D69B29C813C6A7AC00B60F9F /* thumb_page_1.png */,
				D69B29C913C6A7AC00B60F9F /* thumb_page_2.png */,
				D69B29CA13C6A7AC00B60F9F /* thumb_page_3.png */,
			);
			path = Chapters;
			sourceTree = "<group>";
		};
		D6AD1E6E13C23B90006D953D /* Page */ = {
			isa = PBXGroup;
			children = (
				D645045A12A8541400DB6544 /* PageViewController.h */,
				D645045B12A8541400DB6544 /* PageViewController.m */,
				D6AD1E6F13C23BF2006D953D /* PageControllerDelegate.h */,
			);
			name = Page;
			sourceTree = "<group>";
		};
		D6B5BB6D13C405AA009032E6 /* PageViewController */ = {
			isa = PBXGroup;
			children = (
				D6B5BB8913C40721009032E6 /* PageViewController_Landscape.xib */,
				D645046A12A8562500DB6544 /* PageViewController_Portrait.xib */,
			);
			name = PageViewController;
			sourceTree = "<group>";
		};
		D6B5BB6E13C4060E009032E6 /* Side layer */ = {
			isa = PBXGroup;
			children = (
				D6B5BB9713C41AE5009032E6 /* TwitterMessageController.xib */,
				D6B5BB9813C41AE5009032E6 /* TwitterViewController.xib */,
				D6B5BB9513C41AD5009032E6 /* TocViewController.xib */,
			);
			name = "Side layer";
			sourceTree = "<group>";
		};
		D6B5BB9213C40DBA009032E6 /* misc */ = {
			isa = PBXGroup;
			children = (
				D6B5BB9313C40DD6009032E6 /* twitter_message.html */,
			);
			name = misc;
			sourceTree = "<group>";
		};
/* End PBXGroup section */

/* Begin PBXNativeTarget section */
		1D6058900D05DD3D006BFB54 /* MMShowcase */ = {
			isa = PBXNativeTarget;
			buildConfigurationList = 1D6058960D05DD3E006BFB54 /* Build configuration list for PBXNativeTarget "MMShowcase" */;
			buildPhases = (
				1D60588D0D05DD3D006BFB54 /* Resources */,
				1D60588E0D05DD3D006BFB54 /* Sources */,
				1D60588F0D05DD3D006BFB54 /* Frameworks */,
			);
			buildRules = (
			);
			dependencies = (
			);
			name = MMShowcase;
			productName = SillenMediaMagazine;
			productReference = D6548277135E009600BD2098 /* MMShowcase.app */;
			productType = "com.apple.product-type.application";
		};
/* End PBXNativeTarget section */

/* Begin PBXProject section */
		29B97313FDCFA39411CA2CEA /* Project object */ = {
			isa = PBXProject;
			buildConfigurationList = C01FCF4E08A954540054247B /* Build configuration list for PBXProject "MMShowcase_demo" */;
			compatibilityVersion = "Xcode 3.1";
			developmentRegion = English;
			hasScannedForEncodings = 1;
			knownRegions = (
				English,
				Japanese,
				French,
				German,
			);
			mainGroup = 29B97314FDCFA39411CA2CEA /* CustomTemplate */;
			projectDirPath = "";
			projectRoot = "";
			targets = (
				1D6058900D05DD3D006BFB54 /* MMShowcase */,
			);
		};
/* End PBXProject section */

/* Begin PBXResourcesBuildPhase section */
		1D60588D0D05DD3D006BFB54 /* Resources */ = {
			isa = PBXResourcesBuildPhase;
			buildActionMask = 2147483647;
			files = (
				D610D4CB129E81AC005D2DB4 /* MainWindow.xib in Resources */,
				D610E42712A3E1FF005D2DB4 /* book_shadow.png in Resources */,
				D645FAE912A5380100DB6544 /* shade.png in Resources */,
				D645FC6512A56ADC00DB6544 /* book_invert.png in Resources */,
				D645FCA112A6315600DB6544 /* house_invert.png in Resources */,
				D645FCB912A632FA00DB6544 /* bird_invert.png in Resources */,
				D64500EF12A7C3EB00DB6544 /* ContentOverlayViewController.xib in Resources */,
				D645046B12A8562500DB6544 /* PageViewController_Portrait.xib in Resources */,
				D645087112A922B200DB6544 /* WebbrowserViewController.xib in Resources */,
				D64F237612AE98BA00202DBB /* refresh.png in Resources */,
				D64F237912AE99FB00202DBB /* back.png in Resources */,
				D64F237A12AE99FB00202DBB /* forward.png in Resources */,
				D69D0E5313899B440042C2BC /* app_bg_bottom.png in Resources */,
				D69D0E5513899C020042C2BC /* app_bg_wide.png in Resources */,
				D69D0E801389F7350042C2BC /* twi.png in Resources */,
				D6B5BB8A13C40721009032E6 /* PageViewController_Landscape.xib in Resources */,
				D6B5BB9413C40DD6009032E6 /* twitter_message.html in Resources */,
				D6B5BB9613C41AD5009032E6 /* TocViewController.xib in Resources */,
				D6B5BB9913C41AE5009032E6 /* TwitterMessageController.xib in Resources */,
				D6B5BB9A13C41AE5009032E6 /* TwitterViewController.xib in Resources */,
				D6B5BB9C13C41B48009032E6 /* pointbox_black.png in Resources */,
				D69B29CD13C6A7AC00B60F9F /* page_1.png in Resources */,
				D69B29CE13C6A7AC00B60F9F /* page_2.png in Resources */,
				D69B29CF13C6A7AC00B60F9F /* page_3.png in Resources */,
				D69B29D013C6A7AC00B60F9F /* thumb_page_1.png in Resources */,
				D69B29D113C6A7AC00B60F9F /* thumb_page_2.png in Resources */,
				D69B29D213C6A7AC00B60F9F /* thumb_page_3.png in Resources */,
				D69B29D313C6A7AC00B60F9F /* magazine.xml in Resources */,
				D69B29D513C6AC3A00B60F9F /* README in Resources */,
			);
			runOnlyForDeploymentPostprocessing = 0;
		};
/* End PBXResourcesBuildPhase section */

/* Begin PBXSourcesBuildPhase section */
		1D60588E0D05DD3D006BFB54 /* Sources */ = {
			isa = PBXSourcesBuildPhase;
			buildActionMask = 2147483647;
			files = (
				1D60589B0D05DD56006BFB54 /* main.m in Sources */,
				1D3623260D0F684500981E51 /* MMShowcaseAppDelegate.m in Sources */,
				D610D73B129F9B7D005D2DB4 /* CXMLNode_PrivateExtensions.m in Sources */,
				D610D73C129F9B7D005D2DB4 /* CXMLNamespaceNode.m in Sources */,
				D610D73D129F9B7D005D2DB4 /* CXMLElement.m in Sources */,
				D610D73E129F9B7D005D2DB4 /* CXMLElement_ElementTreeExtensions.m in Sources */,
				D610D73F129F9B7D005D2DB4 /* CXMLElement_CreationExtensions.m in Sources */,
				D610D740129F9B7D005D2DB4 /* CXMLDocument.m in Sources */,
				D610D741129F9B7D005D2DB4 /* CXMLDocument_PrivateExtensions.m in Sources */,
				D610D742129F9B7D005D2DB4 /* CXMLDocument_CreationExtensions.m in Sources */,
				D610D743129F9B7D005D2DB4 /* CXMLNode_CreationExtensions.m in Sources */,
				D610D789129F9CC7005D2DB4 /* CTidy.m in Sources */,
				D610D78A129F9CC7005D2DB4 /* CXMLNode.m in Sources */,
				D610D78B129F9CC7005D2DB4 /* CXMLNode_XPathExtensions.m in Sources */,
				D610D793129FA0E4005D2DB4 /* MagazineStructure.m in Sources */,
				D610E0B312A38A57005D2DB4 /* ViewUtil.m in Sources */,
				D645F99912A4FC2300DB6544 /* TocViewController.m in Sources */,
				D645FBA712A54CE700DB6544 /* SideViewController.m in Sources */,
				D64500EA12A7C27B00DB6544 /* OverlayViewController.m in Sources */,
				D64500ED12A7C3AC00DB6544 /* ContentOverlayViewController.m in Sources */,
				D645045C12A8541400DB6544 /* PageViewController.m in Sources */,
				D645086F12A9226800DB6544 /* WebbrowserViewController.m in Sources */,
				D64F254E12B0E42500202DBB /* TwitterViewController.m in Sources */,
				D64F255F12B0E84800202DBB /* NSString+encoding.m in Sources */,
				D64F275112B2122500202DBB /* SBJsonWriter.m in Sources */,
				D64F275212B2122500202DBB /* SBJsonParser.m in Sources */,
				D64F275312B2122500202DBB /* SBJsonBase.m in Sources */,
				D64F275412B2122500202DBB /* NSString+SBJSON.m in Sources */,
				D64F275512B2122500202DBB /* NSObject+SBJSON.m in Sources */,
				D64F290812B2417000202DBB /* TwitterMessageController.m in Sources */,
				D64F2A3612B257AC00202DBB /* NSString+HTML.m in Sources */,
				D64F2A3712B257AC00202DBB /* GTMNSString+HTML.m in Sources */,
				D60E765012B4F980003B9817 /* TOCUIImage.m in Sources */,
				D60E782512B52E15003B9817 /* TwitterMessageView.m in Sources */,
				D662F0EA12C0A11100175CBA /* ItemViewer.m in Sources */,
			);
			runOnlyForDeploymentPostprocessing = 0;
		};
/* End PBXSourcesBuildPhase section */

/* Begin XCBuildConfiguration section */
		1D6058940D05DD3E006BFB54 /* Debug */ = {
			isa = XCBuildConfiguration;
			buildSettings = {
				ALWAYS_SEARCH_USER_PATHS = NO;
				ARCHS = "$(ARCHS_UNIVERSAL_IPHONE_OS)";
				CODE_SIGN_IDENTITY = "";
				"CODE_SIGN_IDENTITY[sdk=iphoneos*]" = "";
				COPY_PHASE_STRIP = NO;
				FRAMEWORK_SEARCH_PATHS = "";
				GCC_DYNAMIC_NO_PIC = NO;
				GCC_OPTIMIZATION_LEVEL = 0;
				GCC_PRECOMPILE_PREFIX_HEADER = YES;
				GCC_PREFIX_HEADER = MMShowcase_Prefix.pch;
				HEADER_SEARCH_PATHS = /usr/include/libxml2;
				INFOPLIST_FILE = MMShowcase.plist;
				IPHONEOS_DEPLOYMENT_TARGET = 4.2;
				PRODUCT_NAME = MMShowcase;
				TARGETED_DEVICE_FAMILY = 2;
				USER_HEADER_SEARCH_PATHS = "";
				VALID_ARCHS = "armv7 i386";
			};
			name = Debug;
		};
		C01FCF4F08A954540054247B /* Debug */ = {
			isa = XCBuildConfiguration;
			buildSettings = {
				ARCHS = "$(ARCHS_STANDARD_32_BIT)";
				CODE_SIGN_IDENTITY = "iPhone Distribution";
				"CODE_SIGN_IDENTITY[sdk=iphoneos*]" = "iPhone Developer";
				GCC_C_LANGUAGE_STANDARD = c99;
				GCC_WARN_ABOUT_RETURN_TYPE = YES;
				GCC_WARN_UNUSED_VARIABLE = YES;
				ONLY_ACTIVE_ARCH = NO;
				PREBINDING = NO;
				PROVISIONING_PROFILE = "";
				"PROVISIONING_PROFILE[sdk=iphoneos*]" = "";
				SDKROOT = iphoneos;
				VALID_ARCHS = "armv7 armv6";
			};
			name = Debug;
		};
		D60FAD2D12B90D9E00BD3F2F /* Beta */ = {
			isa = XCBuildConfiguration;
			buildSettings = {
				ARCHS = "$(ARCHS_STANDARD_32_BIT)";
				CODE_SIGN_IDENTITY = "iPhone Distribution";
				"CODE_SIGN_IDENTITY[sdk=iphoneos*]" = "iPhone Developer";
				GCC_C_LANGUAGE_STANDARD = c99;
				GCC_WARN_ABOUT_RETURN_TYPE = YES;
				GCC_WARN_UNUSED_VARIABLE = YES;
				ONLY_ACTIVE_ARCH = NO;
				PREBINDING = NO;
				PROVISIONING_PROFILE = "";
				"PROVISIONING_PROFILE[sdk=iphoneos*]" = "";
				SDKROOT = iphoneos;
				VALID_ARCHS = "armv7 armv6";
			};
			name = Beta;
		};
		D60FAD2E12B90D9E00BD3F2F /* Beta */ = {
			isa = XCBuildConfiguration;
			buildSettings = {
				ALWAYS_SEARCH_USER_PATHS = NO;
				ARCHS = "$(ARCHS_UNIVERSAL_IPHONE_OS)";
				CODE_SIGN_IDENTITY = "";
				"CODE_SIGN_IDENTITY[sdk=iphoneos*]" = "";
				COPY_PHASE_STRIP = NO;
				FRAMEWORK_SEARCH_PATHS = "";
				GCC_DYNAMIC_NO_PIC = NO;
				GCC_OPTIMIZATION_LEVEL = 0;
				GCC_PRECOMPILE_PREFIX_HEADER = YES;
				GCC_PREFIX_HEADER = MMShowcase_Prefix.pch;
				HEADER_SEARCH_PATHS = /usr/include/libxml2;
				INFOPLIST_FILE = MMShowcase.plist;
				IPHONEOS_DEPLOYMENT_TARGET = 4.2;
				PRODUCT_NAME = MMShowcase;
				TARGETED_DEVICE_FAMILY = 2;
				USER_HEADER_SEARCH_PATHS = "";
				VALID_ARCHS = "armv7 i386";
			};
			name = Beta;
		};
		D662F62612C8908B00175CBA /* AppStore */ = {
			isa = XCBuildConfiguration;
			buildSettings = {
				ARCHS = "$(ARCHS_STANDARD_32_BIT)";
				CODE_SIGN_IDENTITY = "iPhone Distribution";
				"CODE_SIGN_IDENTITY[sdk=iphoneos*]" = "iPhone Distribution: Metamotifs";
				GCC_C_LANGUAGE_STANDARD = c99;
				GCC_WARN_ABOUT_RETURN_TYPE = YES;
				GCC_WARN_UNUSED_VARIABLE = YES;
				ONLY_ACTIVE_ARCH = NO;
				PREBINDING = NO;
				PROVISIONING_PROFILE = "";
				"PROVISIONING_PROFILE[sdk=iphoneos*]" = "E9CF9427-69CA-4326-9DBB-C8A15C566449";
				SDKROOT = iphoneos;
				VALID_ARCHS = "armv7 armv6";
			};
			name = AppStore;
		};
		D662F62712C8908B00175CBA /* AppStore */ = {
			isa = XCBuildConfiguration;
			buildSettings = {
				ALWAYS_SEARCH_USER_PATHS = NO;
				ARCHS = "$(ARCHS_UNIVERSAL_IPHONE_OS)";
				CODE_SIGN_IDENTITY = "";
				"CODE_SIGN_IDENTITY[sdk=iphoneos*]" = "";
				COPY_PHASE_STRIP = NO;
				FRAMEWORK_SEARCH_PATHS = "";
				GCC_DYNAMIC_NO_PIC = NO;
				GCC_OPTIMIZATION_LEVEL = 0;
				GCC_PRECOMPILE_PREFIX_HEADER = YES;
				GCC_PREFIX_HEADER = MMShowcase_Prefix.pch;
				HEADER_SEARCH_PATHS = /usr/include/libxml2;
				INFOPLIST_FILE = MMShowcase.plist;
				IPHONEOS_DEPLOYMENT_TARGET = 4.2;
				PRODUCT_NAME = MMShowcase;
				TARGETED_DEVICE_FAMILY = 2;
				USER_HEADER_SEARCH_PATHS = "";
				VALID_ARCHS = "armv7 i386";
			};
			name = AppStore;
		};
/* End XCBuildConfiguration section */

/* Begin XCConfigurationList section */
		1D6058960D05DD3E006BFB54 /* Build configuration list for PBXNativeTarget "MMShowcase" */ = {
			isa = XCConfigurationList;
			buildConfigurations = (
				1D6058940D05DD3E006BFB54 /* Debug */,
				D60FAD2E12B90D9E00BD3F2F /* Beta */,
				D662F62712C8908B00175CBA /* AppStore */,
			);
			defaultConfigurationIsVisible = 0;
			defaultConfigurationName = Debug;
		};
		C01FCF4E08A954540054247B /* Build configuration list for PBXProject "MMShowcase_demo" */ = {
			isa = XCConfigurationList;
			buildConfigurations = (
				C01FCF4F08A954540054247B /* Debug */,
				D60FAD2D12B90D9E00BD3F2F /* Beta */,
				D662F62612C8908B00175CBA /* AppStore */,
			);
			defaultConfigurationIsVisible = 0;
			defaultConfigurationName = Debug;
		};
/* End XCConfigurationList section */
	};
	rootObject = 29B97313FDCFA39411CA2CEA /* Project object */;
}
